
Microsoft Visual Studio Solution File, Format Version 12.00
# Visual Studio Version 17
VisualStudioVersion = 17.5.002.0
MinimumVisualStudioVersion = 10.0.40219.1
Project("{9A19103F-16F7-4668-BE54-9A1E7A4F7556}") = "command", "command\command.csproj", "{2C99281E-E88F-4707-B64F-27D213AC1531}"
EndProject
Global
	GlobalSection(SolutionConfigurationPlatforms) = preSolution
		Debug|Any CPU = Debug|Any CPU
		Release|Any CPU = Release|Any CPU
	EndGlobalSection
	GlobalSection(ProjectConfigurationPlatforms) = postSolution
		{2C99281E-E88F-4707-B64F-27D213AC1531}.Debug|Any CPU.ActiveCfg = Debug|Any CPU
		{2C99281E-E88F-4707-B64F-27D213AC1531}.Debug|Any CPU.Build.0 = Debug|Any CPU
		{2C99281E-E88F-4707-B64F-27D213AC1531}.Release|Any CPU.ActiveCfg = Release|Any CPU
		{2C99281E-E88F-4707-B64F-27D213AC1531}.Release|Any CPU.Build.0 = Release|Any CPU
	EndGlobalSection
	GlobalSection(SolutionProperties) = preSolution
		HideSolutionNode = FALSE
	EndGlobalSection
	GlobalSection(ExtensibilityGlobals) = postSolution
		SolutionGuid = {5BD94E72-68AF-4069-B9EA-08DD526CD08B}
	EndGlobalSection
EndGlobal
